
Microsoft Visual Studio Solution File, Format Version 12.00
# Visual Studio Version 17
VisualStudioVersion = 17.12.35527.113
MinimumVisualStudioVersion = 10.0.40219.1
Project("{FAE04EC0-301F-11D3-BF4B-00C04F79EFBC}") = "RPMWeb.Dal", "..\DAL\RPMWeb.Dal\RPMWeb.Dal.csproj", "{B443D52A-F188-42C9-93B6-133F76694C24}"
EndProject
Project("{FAE04EC0-301F-11D3-BF4B-00C04F79EFBC}") = "RPMWeb.Data.Common", "..\DAL\RPMWeb.Data.Common\RPMWeb.Data.Common.csproj", "{4C20ECF5-7B30-4D84-9E04-DFED4653A12A}"
EndProject
Project("{FAE04EC0-301F-11D3-BF4B-00C04F79EFBC}") = "RPM.Twilio.Comm", "..\RPM.Twilio.Comm\RPM.Twilio.Comm.csproj", "{E66071C3-B092-480A-9448-39E447A559E8}"
EndProject
Project("{FAE04EC0-301F-11D3-BF4B-00C04F79EFBC}") = "RpmCloud", "RpmCloud.csproj", "{99D5E74E-0DBD-4310-B1FC-0F98B34DAF96}"
EndProject
Project("{FAE04EC0-301F-11D3-BF4B-00C04F79EFBC}") = "RPM.Job.ProcessVitals", "..\RPM.Job.ProcessVitals\RPM.Job.ProcessVitals.csproj", "{3730FF64-D499-483C-8A33-AB3D75BD8F47}"
EndProject
Project("{FAE04EC0-301F-11D3-BF4B-00C04F79EFBC}") = "RPM.Job.MissingAlerts", "..\RPM.Job.MissingAlerts\RPM.Job.MissingAlerts.csproj", "{149F9A1E-F95B-4957-B878-9A98EDF962B6}"
EndProject
Project("{FAE04EC0-301F-11D3-BF4B-00C04F79EFBC}") = "RPMWeb.Common", "..\RPMWeb.Common\RPMWeb.Common.csproj", "{AFAC6E4C-5926-462A-A543-EDEEE8BDA253}"
EndProject
Project("{FAE04EC0-301F-11D3-BF4B-00C04F79EFBC}") = "RPM.Lib.Billing.Clynx", "..\RPM.Lib.Billing.Clynx\RPM.Lib.Billing.Clynx.csproj", "{67197E1A-0CD1-44E5-9DE0-E6E84881C516}"
EndProject
Project("{FAE04EC0-301F-11D3-BF4B-00C04F79EFBC}") = "RPM.Job.Sync.Devices.iGlucose", "..\RPM.Job.Sync.Devices.iGlucose\RPM.Job.Sync.Devices.iGlucose.csproj", "{1155700F-D99D-4059-BAF0-1A96183101A4}"
EndProject
Project("{FAE04EC0-301F-11D3-BF4B-00C04F79EFBC}") = "RPM.Job.DeviceData.iGlucose", "..\RPM.Job.DeviceData.iGlucose\RPM.Job.DeviceData.iGlucose.csproj", "{BD263F99-4987-460B-946F-7AC5653B23A1}"
EndProject
Project("{FAE04EC0-301F-11D3-BF4B-00C04F79EFBC}") = "RPM.Job.DeviceData.Transtek", "..\RPM.Job.DeviceData.Transtek\RPM.Job.DeviceData.Transtek.csproj", "{3BC60272-231F-4FE0-AFAC-3BD3AC9DFA14}"
EndProject
Project("{FAE04EC0-301F-11D3-BF4B-00C04F79EFBC}") = "RPM.Job.CleanUp.DevicesData.Transtek", "..\RPM.Job.CleanUp.DevicesData.Transtek\RPM.Job.CleanUp.DevicesData.Transtek.csproj", "{F8165873-C178-458D-848E-E48363DF818A}"
EndProject
Project("{FAE04EC0-301F-11D3-BF4B-00C04F79EFBC}") = "RPM.Job.Sync.Devices.Transtek", "..\RPM.Job.Sync.Devices.Transtek\RPM.Job.Sync.Devices.Transtek.csproj", "{5B2B4857-AF32-43C1-9542-80765A67A9CF}"
EndProject
Project("{FAE04EC0-301F-11D3-BF4B-00C04F79EFBC}") = "RPM.Job.Billing", "..\RPM.Job.Billing\RPM.Job.Billing.csproj", "{D430FE0B-081F-4FB8-9D42-569B555C1D8C}"
EndProject
Project("{FAE04EC0-301F-11D3-BF4B-00C04F79EFBC}") = "RPM.Job.AlertsTemp", "..\RPM.Job.AlertsTemp\RPM.Job.AlertsTemp.csproj", "{F5740723-F6FA-4B79-B5EF-AE9731083696}"
EndProject
Project("{FAE04EC0-301F-11D3-BF4B-00C04F79EFBC}") = "RPM.Job.AlertsSummary.Priority", "..\RPM.Job.AlertsSummary.Priority\RPM.Job.AlertsSummary.Priority.csproj", "{21375139-6DE9-4F68-BB5C-1BEFEFB7C092}"
EndProject
Project("{FAE04EC0-301F-11D3-BF4B-00C04F79EFBC}") = "RPM.Job.Session.Validation", "..\RPM.Job.Session.Validation\RPM.Job.Session.Validation.csproj", "{6A86165E-A766-4975-B0E9-5008668905E7}"
EndProject
Project("{FAE04EC0-301F-11D3-BF4B-00C04F79EFBC}") = "RPM.Lib.Billing.MedIT", "..\RPM.Lib.Billing.MedIT\RPM.Lib.Billing.MedIT.csproj", "{BD639D22-9FF7-43ED-90C9-248FDE5C6E23}"
EndProject
Project("{FAE04EC0-301F-11D3-BF4B-00C04F79EFBC}") = "RPM.Job.Simulator.iGlucose", "..\RPM.Job.Simulator.iGlucose\RPM.Job.Simulator.iGlucose.csproj", "{36A1D03D-13B2-446D-ADCD-7FEB4C83928A}"
EndProject
Global
	GlobalSection(SolutionConfigurationPlatforms) = preSolution
		Debug|Any CPU = Debug|Any CPU
		Release|Any CPU = Release|Any CPU
	EndGlobalSection
	GlobalSection(ProjectConfigurationPlatforms) = postSolution
		{B443D52A-F188-42C9-93B6-133F76694C24}.Debug|Any CPU.ActiveCfg = Debug|Any CPU
		{B443D52A-F188-42C9-93B6-133F76694C24}.Debug|Any CPU.Build.0 = Debug|Any CPU
		{B443D52A-F188-42C9-93B6-133F76694C24}.Release|Any CPU.ActiveCfg = Release|Any CPU
		{B443D52A-F188-42C9-93B6-133F76694C24}.Release|Any CPU.Build.0 = Release|Any CPU
		{4C20ECF5-7B30-4D84-9E04-DFED4653A12A}.Debug|Any CPU.ActiveCfg = Debug|Any CPU
		{4C20ECF5-7B30-4D84-9E04-DFED4653A12A}.Debug|Any CPU.Build.0 = Debug|Any CPU
		{4C20ECF5-7B30-4D84-9E04-DFED4653A12A}.Release|Any CPU.ActiveCfg = Release|Any CPU
		{4C20ECF5-7B30-4D84-9E04-DFED4653A12A}.Release|Any CPU.Build.0 = Release|Any CPU
		{E66071C3-B092-480A-9448-39E447A559E8}.Debug|Any CPU.ActiveCfg = Debug|Any CPU
		{E66071C3-B092-480A-9448-39E447A559E8}.Debug|Any CPU.Build.0 = Debug|Any CPU
		{E66071C3-B092-480A-9448-39E447A559E8}.Release|Any CPU.ActiveCfg = Release|Any CPU
		{E66071C3-B092-480A-9448-39E447A559E8}.Release|Any CPU.Build.0 = Release|Any CPU
		{99D5E74E-0DBD-4310-B1FC-0F98B34DAF96}.Debug|Any CPU.ActiveCfg = Debug|Any CPU
		{99D5E74E-0DBD-4310-B1FC-0F98B34DAF96}.Debug|Any CPU.Build.0 = Debug|Any CPU
		{99D5E74E-0DBD-4310-B1FC-0F98B34DAF96}.Release|Any CPU.ActiveCfg = Release|Any CPU
		{99D5E74E-0DBD-4310-B1FC-0F98B34DAF96}.Release|Any CPU.Build.0 = Release|Any CPU
		{3730FF64-D499-483C-8A33-AB3D75BD8F47}.Debug|Any CPU.ActiveCfg = Debug|Any CPU
		{3730FF64-D499-483C-8A33-AB3D75BD8F47}.Debug|Any CPU.Build.0 = Debug|Any CPU
		{3730FF64-D499-483C-8A33-AB3D75BD8F47}.Release|Any CPU.ActiveCfg = Release|Any CPU
		{3730FF64-D499-483C-8A33-AB3D75BD8F47}.Release|Any CPU.Build.0 = Release|Any CPU
		{149F9A1E-F95B-4957-B878-9A98EDF962B6}.Debug|Any CPU.ActiveCfg = Debug|Any CPU
		{149F9A1E-F95B-4957-B878-9A98EDF962B6}.Debug|Any CPU.Build.0 = Debug|Any CPU
		{149F9A1E-F95B-4957-B878-9A98EDF962B6}.Release|Any CPU.ActiveCfg = Release|Any CPU
		{149F9A1E-F95B-4957-B878-9A98EDF962B6}.Release|Any CPU.Build.0 = Release|Any CPU
		{AFAC6E4C-5926-462A-A543-EDEEE8BDA253}.Debug|Any CPU.ActiveCfg = Debug|Any CPU
		{AFAC6E4C-5926-462A-A543-EDEEE8BDA253}.Debug|Any CPU.Build.0 = Debug|Any CPU
		{AFAC6E4C-5926-462A-A543-EDEEE8BDA253}.Release|Any CPU.ActiveCfg = Release|Any CPU
		{AFAC6E4C-5926-462A-A543-EDEEE8BDA253}.Release|Any CPU.Build.0 = Release|Any CPU
		{67197E1A-0CD1-44E5-9DE0-E6E84881C516}.Debug|Any CPU.ActiveCfg = Debug|Any CPU
		{67197E1A-0CD1-44E5-9DE0-E6E84881C516}.Debug|Any CPU.Build.0 = Debug|Any CPU
		{67197E1A-0CD1-44E5-9DE0-E6E84881C516}.Release|Any CPU.ActiveCfg = Release|Any CPU
		{67197E1A-0CD1-44E5-9DE0-E6E84881C516}.Release|Any CPU.Build.0 = Release|Any CPU
		{1155700F-D99D-4059-BAF0-1A96183101A4}.Debug|Any CPU.ActiveCfg = Debug|Any CPU
		{1155700F-D99D-4059-BAF0-1A96183101A4}.Debug|Any CPU.Build.0 = Debug|Any CPU
		{1155700F-D99D-4059-BAF0-1A96183101A4}.Release|Any CPU.ActiveCfg = Release|Any CPU
		{1155700F-D99D-4059-BAF0-1A96183101A4}.Release|Any CPU.Build.0 = Release|Any CPU
		{BD263F99-4987-460B-946F-7AC5653B23A1}.Debug|Any CPU.ActiveCfg = Debug|Any CPU
		{BD263F99-4987-460B-946F-7AC5653B23A1}.Debug|Any CPU.Build.0 = Debug|Any CPU
		{BD263F99-4987-460B-946F-7AC5653B23A1}.Release|Any CPU.ActiveCfg = Release|Any CPU
		{BD263F99-4987-460B-946F-7AC5653B23A1}.Release|Any CPU.Build.0 = Release|Any CPU
		{3BC60272-231F-4FE0-AFAC-3BD3AC9DFA14}.Debug|Any CPU.ActiveCfg = Debug|Any CPU
		{3BC60272-231F-4FE0-AFAC-3BD3AC9DFA14}.Debug|Any CPU.Build.0 = Debug|Any CPU
		{3BC60272-231F-4FE0-AFAC-3BD3AC9DFA14}.Release|Any CPU.ActiveCfg = Release|Any CPU
		{3BC60272-231F-4FE0-AFAC-3BD3AC9DFA14}.Release|Any CPU.Build.0 = Release|Any CPU
		{F8165873-C178-458D-848E-E48363DF818A}.Debug|Any CPU.ActiveCfg = Debug|Any CPU
		{F8165873-C178-458D-848E-E48363DF818A}.Debug|Any CPU.Build.0 = Debug|Any CPU
		{F8165873-C178-458D-848E-E48363DF818A}.Release|Any CPU.ActiveCfg = Release|Any CPU
		{F8165873-C178-458D-848E-E48363DF818A}.Release|Any CPU.Build.0 = Release|Any CPU
		{5B2B4857-AF32-43C1-9542-80765A67A9CF}.Debug|Any CPU.ActiveCfg = Debug|Any CPU
		{5B2B4857-AF32-43C1-9542-80765A67A9CF}.Debug|Any CPU.Build.0 = Debug|Any CPU
		{5B2B4857-AF32-43C1-9542-80765A67A9CF}.Release|Any CPU.ActiveCfg = Release|Any CPU
		{5B2B4857-AF32-43C1-9542-80765A67A9CF}.Release|Any CPU.Build.0 = Release|Any CPU
		{D430FE0B-081F-4FB8-9D42-569B555C1D8C}.Debug|Any CPU.ActiveCfg = Debug|Any CPU
		{D430FE0B-081F-4FB8-9D42-569B555C1D8C}.Debug|Any CPU.Build.0 = Debug|Any CPU
		{D430FE0B-081F-4FB8-9D42-569B555C1D8C}.Release|Any CPU.ActiveCfg = Release|Any CPU
		{D430FE0B-081F-4FB8-9D42-569B555C1D8C}.Release|Any CPU.Build.0 = Release|Any CPU
		{F5740723-F6FA-4B79-B5EF-AE9731083696}.Debug|Any CPU.ActiveCfg = Debug|Any CPU
		{F5740723-F6FA-4B79-B5EF-AE9731083696}.Debug|Any CPU.Build.0 = Debug|Any CPU
		{F5740723-F6FA-4B79-B5EF-AE9731083696}.Release|Any CPU.ActiveCfg = Release|Any CPU
		{F5740723-F6FA-4B79-B5EF-AE9731083696}.Release|Any CPU.Build.0 = Release|Any CPU
		{21375139-6DE9-4F68-BB5C-1BEFEFB7C092}.Debug|Any CPU.ActiveCfg = Debug|Any CPU
		{21375139-6DE9-4F68-BB5C-1BEFEFB7C092}.Debug|Any CPU.Build.0 = Debug|Any CPU
		{21375139-6DE9-4F68-BB5C-1BEFEFB7C092}.Release|Any CPU.ActiveCfg = Release|Any CPU
		{21375139-6DE9-4F68-BB5C-1BEFEFB7C092}.Release|Any CPU.Build.0 = Release|Any CPU
		{6A86165E-A766-4975-B0E9-5008668905E7}.Debug|Any CPU.ActiveCfg = Debug|Any CPU
		{6A86165E-A766-4975-B0E9-5008668905E7}.Debug|Any CPU.Build.0 = Debug|Any CPU
		{6A86165E-A766-4975-B0E9-5008668905E7}.Release|Any CPU.ActiveCfg = Release|Any CPU
		{6A86165E-A766-4975-B0E9-5008668905E7}.Release|Any CPU.Build.0 = Release|Any CPU
		{BD639D22-9FF7-43ED-90C9-248FDE5C6E23}.Debug|Any CPU.ActiveCfg = Debug|Any CPU
		{BD639D22-9FF7-43ED-90C9-248FDE5C6E23}.Debug|Any CPU.Build.0 = Debug|Any CPU
		{BD639D22-9FF7-43ED-90C9-248FDE5C6E23}.Release|Any CPU.ActiveCfg = Release|Any CPU
		{BD639D22-9FF7-43ED-90C9-248FDE5C6E23}.Release|Any CPU.Build.0 = Release|Any CPU
		{36A1D03D-13B2-446D-ADCD-7FEB4C83928A}.Debug|Any CPU.ActiveCfg = Debug|Any CPU
		{36A1D03D-13B2-446D-ADCD-7FEB4C83928A}.Debug|Any CPU.Build.0 = Debug|Any CPU
		{36A1D03D-13B2-446D-ADCD-7FEB4C83928A}.Release|Any CPU.ActiveCfg = Release|Any CPU
		{36A1D03D-13B2-446D-ADCD-7FEB4C83928A}.Release|Any CPU.Build.0 = Release|Any CPU
	EndGlobalSection
	GlobalSection(SolutionProperties) = preSolution
		HideSolutionNode = FALSE
	EndGlobalSection
	GlobalSection(ExtensibilityGlobals) = postSolution
		SolutionGuid = {8D661698-E78C-4D3E-960C-AEFED4A2273F}
	EndGlobalSection
EndGlobal
