
Microsoft Visual Studio Solution File, Format Version 12.00
# Visual Studio Version 17
VisualStudioVersion = 17.12.35527.113
MinimumVisualStudioVersion = 10.0.40219.1
Project("{FAE04EC0-301F-11D3-BF4B-00C04F79EFBC}") = "RPMWeb.Dal", "..\DAL\RPMWeb.Dal\RPMWeb.Dal.csproj", "{B443D52A-F188-42C9-93B6-133F76694C24}"
EndProject
Project("{FAE04EC0-301F-11D3-BF4B-00C04F79EFBC}") = "RPMWeb.Data.Common", "..\DAL\RPMWeb.Data.Common\RPMWeb.Data.Common.csproj", "{4C20ECF5-7B30-4D84-9E04-DFED4653A12A}"
EndProject
Project("{FAE04EC0-301F-11D3-BF4B-00C04F79EFBC}") = "RPM.Twilio.Comm", "..\RPM.Twilio.Comm\RPM.Twilio.Comm.csproj", "{E66071C3-B092-480A-9448-39E447A559E8}"
EndProject
Project("{FAE04EC0-301F-11D3-BF4B-00C04F79EFBC}") = "RpmCloud", "RpmCloud.csproj", "{99D5E74E-0DBD-4310-B1FC-0F98B34DAF96}"
EndProject
Project("{FAE04EC0-301F-11D3-BF4B-00C04F79EFBC}") = "RPM.Job.ProcessVitals", "..\RPM.Job.ProcessVitals\RPM.Job.ProcessVitals.csproj", "{3730FF64-D499-483C-8A33-AB3D75BD8F47}"
EndProject
Project("{FAE04EC0-301F-11D3-BF4B-00C04F79EFBC}") = "RPM.Job.MissingAlerts", "..\RPM.Job.MissingAlerts\RPM.Job.MissingAlerts.csproj", "{149F9A1E-F95B-4957-B878-9A98EDF962B6}"
EndProject
Project("{FAE04EC0-301F-11D3-BF4B-00C04F79EFBC}") = "RPMWeb.Common", "..\RPMWeb.Common\RPMWeb.Common.csproj", "{AFAC6E4C-5926-462A-A543-EDEEE8BDA253}"
EndProject
Project("{FAE04EC0-301F-11D3-BF4B-00C04F79EFBC}") = "RPM.Lib.Billing.Clynx", "..\RPM.Lib.Billing.Clynx\RPM.Lib.Billing.Clynx.csproj", "{67197E1A-0CD1-44E5-9DE0-E6E84881C516}"
EndProject
Project("{FAE04EC0-301F-11D3-BF4B-00C04F79EFBC}") = "RPM.Lib.Billing.MedIT", "..\RPM.Lib.Billing.MedIT\RPM.Lib.Billing.MedIT.csproj", "{035B70D2-2599-49E8-843D-AB3C140ADBFB}"
EndProject
Project("{FAE04EC0-301F-11D3-BF4B-00C04F79EFBC}") = "RPM.Job.Sync.Devices.iGlucose", "..\RPM.Job.Sync.Devices.iGlucose\RPM.Job.Sync.Devices.iGlucose.csproj", "{1155700F-D99D-4059-BAF0-1A96183101A4}"
EndProject
Project("{FAE04EC0-301F-11D3-BF4B-00C04F79EFBC}") = "RPM.Job.DeviceData.iGlucose", "..\RPM.Job.DeviceData.iGlucose\RPM.Job.DeviceData.iGlucose.csproj", "{BD263F99-4987-460B-946F-7AC5653B23A1}"
EndProject
Project("{FAE04EC0-301F-11D3-BF4B-00C04F79EFBC}") = "RPM.Job.DeviceData.Transtek", "..\RPM.Job.DeviceData.Transtek\RPM.Job.DeviceData.Transtek.csproj", "{363DC1E1-FD89-491E-A23B-334DA74909BD}"
EndProject
Project("{FAE04EC0-301F-11D3-BF4B-00C04F79EFBC}") = "RPM.Job.Sync.Devices.Transtek", "..\RPM.Job.Sync.Devices.Transtek\RPM.Job.Sync.Devices.Transtek.csproj", "{6B5A5D1C-2189-42DF-A8DE-8F6D41EB0F0B}"
EndProject
Project("{FAE04EC0-301F-11D3-BF4B-00C04F79EFBC}") = "RPM.Job.CleanUp.DevicesData.Transtek", "..\RPM.Job.CleanUp.DevicesData.Transtek\RPM.Job.CleanUp.DevicesData.Transtek.csproj", "{D05B00AB-ABF1-471A-958C-FB41C3503F4E}"
EndProject
Project("{FAE04EC0-301F-11D3-BF4B-00C04F79EFBC}") = "RPM.Job.Session.Validation", "..\RPM.Job.Session.Validation\RPM.Job.Session.Validation.csproj", "{F2AB2CDF-14A3-43C0-8435-C89F0C7800D7}"
EndProject
Project("{FAE04EC0-301F-11D3-BF4B-00C04F79EFBC}") = "RPM.Job.AlertsSummary.Priority", "..\RPM.Job.AlertsSummary.Priority\RPM.Job.AlertsSummary.Priority.csproj", "{5B2A0FAF-0CCA-41E7-A3DD-9A32F5414255}"
EndProject
Project("{FAE04EC0-301F-11D3-BF4B-00C04F79EFBC}") = "RPM.Job.AlertsTemp", "..\RPM.Job.AlertsTemp\RPM.Job.AlertsTemp.csproj", "{F98307D8-53EB-4792-8BF5-6CC2EFAD0097}"
EndProject
Project("{FAE04EC0-301F-11D3-BF4B-00C04F79EFBC}") = "RPM.Job.Billing", "..\RPM.Job.Billing\RPM.Job.Billing.csproj", "{D24C7C67-20EC-4B72-8C8C-F37822098748}"
EndProject
Global
	GlobalSection(SolutionConfigurationPlatforms) = preSolution
		Debug|Any CPU = Debug|Any CPU
		Release|Any CPU = Release|Any CPU
	EndGlobalSection
	GlobalSection(ProjectConfigurationPlatforms) = postSolution
		{B443D52A-F188-42C9-93B6-133F76694C24}.Debug|Any CPU.ActiveCfg = Debug|Any CPU
		{B443D52A-F188-42C9-93B6-133F76694C24}.Debug|Any CPU.Build.0 = Debug|Any CPU
		{B443D52A-F188-42C9-93B6-133F76694C24}.Release|Any CPU.ActiveCfg = Release|Any CPU
		{B443D52A-F188-42C9-93B6-133F76694C24}.Release|Any CPU.Build.0 = Release|Any CPU
		{4C20ECF5-7B30-4D84-9E04-DFED4653A12A}.Debug|Any CPU.ActiveCfg = Debug|Any CPU
		{4C20ECF5-7B30-4D84-9E04-DFED4653A12A}.Debug|Any CPU.Build.0 = Debug|Any CPU
		{4C20ECF5-7B30-4D84-9E04-DFED4653A12A}.Release|Any CPU.ActiveCfg = Release|Any CPU
		{4C20ECF5-7B30-4D84-9E04-DFED4653A12A}.Release|Any CPU.Build.0 = Release|Any CPU
		{E66071C3-B092-480A-9448-39E447A559E8}.Debug|Any CPU.ActiveCfg = Debug|Any CPU
		{E66071C3-B092-480A-9448-39E447A559E8}.Debug|Any CPU.Build.0 = Debug|Any CPU
		{E66071C3-B092-480A-9448-39E447A559E8}.Release|Any CPU.ActiveCfg = Release|Any CPU
		{E66071C3-B092-480A-9448-39E447A559E8}.Release|Any CPU.Build.0 = Release|Any CPU
		{99D5E74E-0DBD-4310-B1FC-0F98B34DAF96}.Debug|Any CPU.ActiveCfg = Debug|Any CPU
		{99D5E74E-0DBD-4310-B1FC-0F98B34DAF96}.Debug|Any CPU.Build.0 = Debug|Any CPU
		{99D5E74E-0DBD-4310-B1FC-0F98B34DAF96}.Release|Any CPU.ActiveCfg = Release|Any CPU
		{99D5E74E-0DBD-4310-B1FC-0F98B34DAF96}.Release|Any CPU.Build.0 = Release|Any CPU
		{3730FF64-D499-483C-8A33-AB3D75BD8F47}.Debug|Any CPU.ActiveCfg = Debug|Any CPU
		{3730FF64-D499-483C-8A33-AB3D75BD8F47}.Debug|Any CPU.Build.0 = Debug|Any CPU
		{3730FF64-D499-483C-8A33-AB3D75BD8F47}.Release|Any CPU.ActiveCfg = Release|Any CPU
		{3730FF64-D499-483C-8A33-AB3D75BD8F47}.Release|Any CPU.Build.0 = Release|Any CPU
		{149F9A1E-F95B-4957-B878-9A98EDF962B6}.Debug|Any CPU.ActiveCfg = Debug|Any CPU
		{149F9A1E-F95B-4957-B878-9A98EDF962B6}.Debug|Any CPU.Build.0 = Debug|Any CPU
		{149F9A1E-F95B-4957-B878-9A98EDF962B6}.Release|Any CPU.ActiveCfg = Release|Any CPU
		{149F9A1E-F95B-4957-B878-9A98EDF962B6}.Release|Any CPU.Build.0 = Release|Any CPU
		{AFAC6E4C-5926-462A-A543-EDEEE8BDA253}.Debug|Any CPU.ActiveCfg = Debug|Any CPU
		{AFAC6E4C-5926-462A-A543-EDEEE8BDA253}.Debug|Any CPU.Build.0 = Debug|Any CPU
		{AFAC6E4C-5926-462A-A543-EDEEE8BDA253}.Release|Any CPU.ActiveCfg = Release|Any CPU
		{AFAC6E4C-5926-462A-A543-EDEEE8BDA253}.Release|Any CPU.Build.0 = Release|Any CPU
		{67197E1A-0CD1-44E5-9DE0-E6E84881C516}.Debug|Any CPU.ActiveCfg = Debug|Any CPU
		{67197E1A-0CD1-44E5-9DE0-E6E84881C516}.Debug|Any CPU.Build.0 = Debug|Any CPU
		{67197E1A-0CD1-44E5-9DE0-E6E84881C516}.Release|Any CPU.ActiveCfg = Release|Any CPU
		{67197E1A-0CD1-44E5-9DE0-E6E84881C516}.Release|Any CPU.Build.0 = Release|Any CPU
		{035B70D2-2599-49E8-843D-AB3C140ADBFB}.Debug|Any CPU.ActiveCfg = Debug|Any CPU
		{035B70D2-2599-49E8-843D-AB3C140ADBFB}.Debug|Any CPU.Build.0 = Debug|Any CPU
		{035B70D2-2599-49E8-843D-AB3C140ADBFB}.Release|Any CPU.ActiveCfg = Release|Any CPU
		{035B70D2-2599-49E8-843D-AB3C140ADBFB}.Release|Any CPU.Build.0 = Release|Any CPU
		{1155700F-D99D-4059-BAF0-1A96183101A4}.Debug|Any CPU.ActiveCfg = Debug|Any CPU
		{1155700F-D99D-4059-BAF0-1A96183101A4}.Debug|Any CPU.Build.0 = Debug|Any CPU
		{1155700F-D99D-4059-BAF0-1A96183101A4}.Release|Any CPU.ActiveCfg = Release|Any CPU
		{1155700F-D99D-4059-BAF0-1A96183101A4}.Release|Any CPU.Build.0 = Release|Any CPU
		{BD263F99-4987-460B-946F-7AC5653B23A1}.Debug|Any CPU.ActiveCfg = Debug|Any CPU
		{BD263F99-4987-460B-946F-7AC5653B23A1}.Debug|Any CPU.Build.0 = Debug|Any CPU
		{BD263F99-4987-460B-946F-7AC5653B23A1}.Release|Any CPU.ActiveCfg = Release|Any CPU
		{BD263F99-4987-460B-946F-7AC5653B23A1}.Release|Any CPU.Build.0 = Release|Any CPU
		{363DC1E1-FD89-491E-A23B-334DA74909BD}.Debug|Any CPU.ActiveCfg = Debug|Any CPU
		{363DC1E1-FD89-491E-A23B-334DA74909BD}.Debug|Any CPU.Build.0 = Debug|Any CPU
		{363DC1E1-FD89-491E-A23B-334DA74909BD}.Release|Any CPU.ActiveCfg = Release|Any CPU
		{363DC1E1-FD89-491E-A23B-334DA74909BD}.Release|Any CPU.Build.0 = Release|Any CPU
		{6B5A5D1C-2189-42DF-A8DE-8F6D41EB0F0B}.Debug|Any CPU.ActiveCfg = Debug|Any CPU
		{6B5A5D1C-2189-42DF-A8DE-8F6D41EB0F0B}.Debug|Any CPU.Build.0 = Debug|Any CPU
		{6B5A5D1C-2189-42DF-A8DE-8F6D41EB0F0B}.Release|Any CPU.ActiveCfg = Release|Any CPU
		{6B5A5D1C-2189-42DF-A8DE-8F6D41EB0F0B}.Release|Any CPU.Build.0 = Release|Any CPU
		{D05B00AB-ABF1-471A-958C-FB41C3503F4E}.Debug|Any CPU.ActiveCfg = Debug|Any CPU
		{D05B00AB-ABF1-471A-958C-FB41C3503F4E}.Debug|Any CPU.Build.0 = Debug|Any CPU
		{D05B00AB-ABF1-471A-958C-FB41C3503F4E}.Release|Any CPU.ActiveCfg = Release|Any CPU
		{D05B00AB-ABF1-471A-958C-FB41C3503F4E}.Release|Any CPU.Build.0 = Release|Any CPU
		{F2AB2CDF-14A3-43C0-8435-C89F0C7800D7}.Debug|Any CPU.ActiveCfg = Debug|Any CPU
		{F2AB2CDF-14A3-43C0-8435-C89F0C7800D7}.Debug|Any CPU.Build.0 = Debug|Any CPU
		{F2AB2CDF-14A3-43C0-8435-C89F0C7800D7}.Release|Any CPU.ActiveCfg = Release|Any CPU
		{F2AB2CDF-14A3-43C0-8435-C89F0C7800D7}.Release|Any CPU.Build.0 = Release|Any CPU
		{5B2A0FAF-0CCA-41E7-A3DD-9A32F5414255}.Debug|Any CPU.ActiveCfg = Debug|Any CPU
		{5B2A0FAF-0CCA-41E7-A3DD-9A32F5414255}.Debug|Any CPU.Build.0 = Debug|Any CPU
		{5B2A0FAF-0CCA-41E7-A3DD-9A32F5414255}.Release|Any CPU.ActiveCfg = Release|Any CPU
		{5B2A0FAF-0CCA-41E7-A3DD-9A32F5414255}.Release|Any CPU.Build.0 = Release|Any CPU
		{F98307D8-53EB-4792-8BF5-6CC2EFAD0097}.Debug|Any CPU.ActiveCfg = Debug|Any CPU
		{F98307D8-53EB-4792-8BF5-6CC2EFAD0097}.Debug|Any CPU.Build.0 = Debug|Any CPU
		{F98307D8-53EB-4792-8BF5-6CC2EFAD0097}.Release|Any CPU.ActiveCfg = Release|Any CPU
		{F98307D8-53EB-4792-8BF5-6CC2EFAD0097}.Release|Any CPU.Build.0 = Release|Any CPU
		{D24C7C67-20EC-4B72-8C8C-F37822098748}.Debug|Any CPU.ActiveCfg = Debug|Any CPU
		{D24C7C67-20EC-4B72-8C8C-F37822098748}.Debug|Any CPU.Build.0 = Debug|Any CPU
		{D24C7C67-20EC-4B72-8C8C-F37822098748}.Release|Any CPU.ActiveCfg = Release|Any CPU
		{D24C7C67-20EC-4B72-8C8C-F37822098748}.Release|Any CPU.Build.0 = Release|Any CPU
	EndGlobalSection
	GlobalSection(SolutionProperties) = preSolution
		HideSolutionNode = FALSE
	EndGlobalSection
EndGlobal
